{
	"name": "docpad-plugin-paged-testsuite",
	"version": "0.1.0",
	"lockfileVersion": 1,
	"requires": true,
	"dependencies": {
		"ambi": {
			"version": "3.2.0",
			"resolved": "https://registry.npmjs.org/ambi/-/ambi-3.2.0.tgz",
			"integrity": "sha512-nj5sHLPFd7u2OLmHdFs4DHt3gK6edpNw35hTRIKyI/Vd2Th5e4io50rw1lhmCdUNO2Mm4/4FkHmv6shEANAWcw==",
			"requires": {
				"editions": "^2.1.0",
				"typechecker": "^4.3.0"
			},
			"dependencies": {
				"editions": {
					"version": "2.3.1",
					"resolved": "https://registry.npmjs.org/editions/-/editions-2.3.1.tgz",
					"integrity": "sha512-ptGvkwTvGdGfC0hfhKg0MT+TRLRKGtUiWGBInxOm5pz7ssADezahjCUaYuZ8Dr+C05FW0AECIIPt4WBxVINEhA==",
					"requires": {
						"errlop": "^2.0.0",
						"semver": "^6.3.0"
					}
				},
				"errlop": {
					"version": "2.2.0",
					"resolved": "https://registry.npmjs.org/errlop/-/errlop-2.2.0.tgz",
					"integrity": "sha512-e64Qj9+4aZzjzzFpZC7p5kmm/ccCrbLhAJplhsDXQFs87XTsXwOpH4s1Io2s90Tau/8r2j9f4l/thhDevRjzxw=="
				}
			}
		},
		"coffee-script": {
			"version": "1.12.7",
			"resolved": "https://registry.npmjs.org/coffee-script/-/coffee-script-1.12.7.tgz",
			"integrity": "sha512-fLeEhqwymYat/MpTPUjSKHVYYl0ec2mOyALEMLmzr5i1isuG+6jfI2j2d5oBO3VIzgUXgBVIcOT9uH1TFxBckw=="
		},
		"docpad-baseplugin": {
			"version": "1.4.0",
			"resolved": "https://registry.npmjs.org/docpad-baseplugin/-/docpad-baseplugin-1.4.0.tgz",
			"integrity": "sha512-WnOElWx6bW2E1OPNWb5rWlDM6bEsBHwhqvRzon16Cduw+XzGyL0SV15CiaEXrV6kq3fsgbALIcJs4r5GFP7Ucg==",
			"requires": {
				"eachr": "^4.5.0",
				"errlop": "^3.15.0",
				"extendr": "^5.13.0",
				"typechecker": "^7.13.0"
			},
			"dependencies": {
				"eachr": {
					"version": "4.5.0",
					"resolved": "https://registry.npmjs.org/eachr/-/eachr-4.5.0.tgz",
					"integrity": "sha512-9I664RWp6p8jvcHZIwo7bWaiSaUmA1wNSLKwNZEiaYjqiTARq3cGjyRiIunsopZv4QMmX3T5Hs17QoPAzdYxfg==",
					"requires": {
						"typechecker": "^6.2.0"
					},
					"dependencies": {
						"typechecker": {
							"version": "6.4.0",
							"resolved": "https://registry.npmjs.org/typechecker/-/typechecker-6.4.0.tgz",
							"integrity": "sha512-EbOu+9szY13mhl0EsvLXnR+pTCa3gTHQQPLdce72ujcC9fRHXlVFBNXtHeRhgzLxLlKUh4zA9C0tezLDgshf+A=="
						}
					}
				},
				"extendr": {
					"version": "5.13.0",
					"resolved": "https://registry.npmjs.org/extendr/-/extendr-5.13.0.tgz",
					"integrity": "sha512-xo7C5lOBARdvgOAJ+M6+RDu0YaLZF5PiNb1sk5HyWhv4k+V7baU44IxR3/TodI3rtvmvvRDHYLexTV219ni+PA==",
					"requires": {
						"typechecker": "^7.12.0"
					}
				},
				"typechecker": {
					"version": "7.13.0",
					"resolved": "https://registry.npmjs.org/typechecker/-/typechecker-7.13.0.tgz",
					"integrity": "sha512-Hyv1qjHAJ3jT/M6RVa4A8YVnC8Qy/LNm6pP55Ll6/Z2cJbGORKxMcmix2+arJ2d85XkD9CiSLMUGylhOlgqJ1A=="
				}
			}
		},
		"docpad-plugin-cleanurls": {
			"version": "2.12.1",
			"resolved": "https://registry.npmjs.org/docpad-plugin-cleanurls/-/docpad-plugin-cleanurls-2.12.1.tgz",
			"integrity": "sha512-GFqPfppcPp7zzdNvI9mRJ5Z17QIzlVfAokLDl2SLxX/I4d5c3iQIewEh2ve9NQu6pY+NhqKCNeqmgI5iEii9Kg==",
			"requires": {
				"docpad-baseplugin": "^1.4.0",
				"editions": "^4.0.0",
				"safefs": "^6.11.0",
				"taskgroup": "^7.14.0"
			}
		},
		"docpad-plugin-eco": {
			"version": "2.5.0",
			"resolved": "https://registry.npmjs.org/docpad-plugin-eco/-/docpad-plugin-eco-2.5.0.tgz",
			"integrity": "sha512-ox0kH9MAnPGxCQa9vrG1OTxEThc0IiMJqdKTkcuEX2kd158fCr8cxb2UwUZ8HwddcBJdIPPt+bc5m6uurylq7A==",
			"requires": {
				"docpad-baseplugin": "^1.4.0",
				"eco": "~1.1.0-rc-3"
			}
		},
		"eachr": {
			"version": "4.5.0",
			"resolved": "https://registry.npmjs.org/eachr/-/eachr-4.5.0.tgz",
			"integrity": "sha512-9I664RWp6p8jvcHZIwo7bWaiSaUmA1wNSLKwNZEiaYjqiTARq3cGjyRiIunsopZv4QMmX3T5Hs17QoPAzdYxfg==",
			"requires": {
				"typechecker": "^6.2.0"
			},
			"dependencies": {
				"typechecker": {
					"version": "6.4.0",
					"resolved": "https://registry.npmjs.org/typechecker/-/typechecker-6.4.0.tgz",
					"integrity": "sha512-EbOu+9szY13mhl0EsvLXnR+pTCa3gTHQQPLdce72ujcC9fRHXlVFBNXtHeRhgzLxLlKUh4zA9C0tezLDgshf+A=="
				}
			}
		},
		"eco": {
			"version": "1.1.0-rc-3",
			"resolved": "https://registry.npmjs.org/eco/-/eco-1.1.0-rc-3.tgz",
			"integrity": "sha1-dCoyxGFa9wWrPppGts5cFtvFcmI=",
			"requires": {
				"coffee-script": ">=1.2.0",
				"strscan": ">=1.0.1"
			}
		},
		"editions": {
			"version": "4.0.0",
			"resolved": "https://registry.npmjs.org/editions/-/editions-4.0.0.tgz",
			"integrity": "sha512-89fEH87pPDMRhV729Q5WfbjLkG54yhkUktFva3B/+Hnfw2LxLX+KzGwj4PibR+aGkcmeHCLqxBaoOFloa0OpwQ==",
			"requires": {
				"errlop": "^3.15.0",
				"semver": "6.3.0"
			}
		},
		"errlop": {
			"version": "3.15.0",
			"resolved": "https://registry.npmjs.org/errlop/-/errlop-3.15.0.tgz",
			"integrity": "sha512-kVoo/PhGXmmDXGjPG7vM0HZOpH/EqhiKPYJYe79f+SZjG/AFK3VpSrp10j68kLdpiUaIM4xOYNRRniMdSiYMjA=="
		},
		"extendr": {
			"version": "5.13.0",
			"resolved": "https://registry.npmjs.org/extendr/-/extendr-5.13.0.tgz",
			"integrity": "sha512-xo7C5lOBARdvgOAJ+M6+RDu0YaLZF5PiNb1sk5HyWhv4k+V7baU44IxR3/TodI3rtvmvvRDHYLexTV219ni+PA==",
			"requires": {
				"typechecker": "^7.12.0"
			},
			"dependencies": {
				"typechecker": {
					"version": "7.13.0",
					"resolved": "https://registry.npmjs.org/typechecker/-/typechecker-7.13.0.tgz",
					"integrity": "sha512-Hyv1qjHAJ3jT/M6RVa4A8YVnC8Qy/LNm6pP55Ll6/Z2cJbGORKxMcmix2+arJ2d85XkD9CiSLMUGylhOlgqJ1A=="
				}
			}
		},
		"graceful-fs": {
			"version": "4.2.4",
			"resolved": "https://registry.npmjs.org/graceful-fs/-/graceful-fs-4.2.4.tgz",
			"integrity": "sha512-WjKPNJF79dtJAVniUlGGWHYGz2jWxT6VhN/4m1NdkbZ2nOsEF+cI1Edgql5zCRhs/VsQYRvrXctxktVXZUkixw=="
		},
		"safefs": {
			"version": "6.11.0",
			"resolved": "https://registry.npmjs.org/safefs/-/safefs-6.11.0.tgz",
			"integrity": "sha512-ACQvJfBKGkKe2lzqbtwwb9LimB99iiOXT6fBRJB65WK41EfIhv/pe7Eop1fhfkfGgKgPZ9bzqlck7yx7zPaung==",
			"requires": {
				"graceful-fs": "^4.2.4"
			}
		},
		"semver": {
			"version": "6.3.0",
			"resolved": "https://registry.npmjs.org/semver/-/semver-6.3.0.tgz",
			"integrity": "sha512-b39TBaTSfV6yBrapU89p5fKekE2m/NwnDocOVruQFS1/veMgdzuPcnOM34M6CwxW8jH/lxEa5rBoDeUwu5HHTw=="
		},
		"strscan": {
			"version": "1.0.1",
			"resolved": "https://registry.npmjs.org/strscan/-/strscan-1.0.1.tgz",
			"integrity": "sha1-Ry2bwAxo6QbvL8Is33Yr58YazE0="
		},
		"taskgroup": {
			"version": "7.14.0",
			"resolved": "https://registry.npmjs.org/taskgroup/-/taskgroup-7.14.0.tgz",
			"integrity": "sha512-xdcidCFTjEj4CcWPm/gNbFGn1TNAiPF/ZUVTmtLIhWxCV4zj1qUXGpZjJ6edvuWM0K+kAGZrTIGS/5h94YO5rQ==",
			"requires": {
				"ambi": "3.2.0",
				"eachr": "^4.5.0",
				"extendr": "^5.13.0",
				"unbounded": "^3.9.0"
			}
		},
		"typechecker": {
			"version": "4.11.0",
			"resolved": "https://registry.npmjs.org/typechecker/-/typechecker-4.11.0.tgz",
			"integrity": "sha512-lz39Mc/d1UBcF/uQFL5P8L+oWdIn/stvkUgHf0tPRW4aEwGGErewNXo2Nb6We2WslWifn00rhcHbbRWRcTGhuw==",
			"requires": {
				"editions": "^2.2.0"
			},
			"dependencies": {
				"editions": {
					"version": "2.3.1",
					"resolved": "https://registry.npmjs.org/editions/-/editions-2.3.1.tgz",
					"integrity": "sha512-ptGvkwTvGdGfC0hfhKg0MT+TRLRKGtUiWGBInxOm5pz7ssADezahjCUaYuZ8Dr+C05FW0AECIIPt4WBxVINEhA==",
					"requires": {
						"errlop": "^2.0.0",
						"semver": "^6.3.0"
					}
				},
				"errlop": {
					"version": "2.2.0",
					"resolved": "https://registry.npmjs.org/errlop/-/errlop-2.2.0.tgz",
					"integrity": "sha512-e64Qj9+4aZzjzzFpZC7p5kmm/ccCrbLhAJplhsDXQFs87XTsXwOpH4s1Io2s90Tau/8r2j9f4l/thhDevRjzxw=="
				}
			}
		},
		"unbounded": {
			"version": "3.10.0",
			"resolved": "https://registry.npmjs.org/unbounded/-/unbounded-3.10.0.tgz",
			"integrity": "sha512-qGVIYD/A2islX6FoisbuN70kgph+vbD9Z8nN2O9xOx3ePwTzLODzQNkY633gwV+x35k53MOKnm+KGj3xZvHdVw=="
		}
	}
}
